{
	"name": "repo2llm",
	"version": "1.0.0",
	"lockfileVersion": 3,
	"requires": true,
	"packages": {
		"": {
			"name": "repo2llm",
			"version": "1.0.0",
			"dependencies": {
				"ignore": "^5.3.2",
				"isbinaryfile": "^5.0.1"
			},
			"bin": {
				"repo2llm": "repo2llm.js"
			}
		},
		"node_modules/ignore": {
			"version": "5.3.2",
			"resolved": "https://registry.npmjs.org/ignore/-/ignore-5.3.2.tgz",
			"integrity": "sha512-hsBTNUqQTDwkWtcdYI2i06Y/nUBEsNEDJKjWdigLvegy8kDuJAS8uRlpkkcQpyEXL0Z/pjDy5HBmMjRCJ2gq+g==",
			"license": "MIT",
			"engines": {
				"node": ">= 4"
			}
		},
		"node_modules/isbinaryfile": {
			"version": "5.0.7",
			"resolved": "https://registry.npmjs.org/isbinaryfile/-/isbinaryfile-5.0.7.tgz",
			"integrity": "sha512-gnWD14Jh3FzS3CPhF0AxNOJ8CxqeblPTADzI38r0wt8ZyQl5edpy75myt08EG2oKvpyiqSqsx+Wkz9vtkbTqYQ==",
			"license": "MIT",
			"engines": {
				"node": ">= 18.0.0"
			},
			"funding": {
				"url": "https://github.com/sponsors/gjtorikian/"
			}
		}
	}
}
